
Microsoft Visual Studio Solution File, Format Version 12.00
# Visual Studio Version 17
VisualStudioVersion = 17.5.002.0
MinimumVisualStudioVersion = 10.0.40219.1
Project("{2150E333-8FDC-42A3-9474-1A3956D46DE8}") = "csharp-prep", "csharp-prep", "{DE648BA9-A049-4F86-8C82-51915D00CCD7}"
EndProject
Project("{9A19103F-16F7-4668-BE54-9A1E7A4F7556}") = "Prep1", "csharp-prep\Prep1\Prep1.csproj", "{3374D7DF-4BF5-4DCF-9B0E-873DE4C578E7}"
EndProject
Project("{9A19103F-16F7-4668-BE54-9A1E7A4F7556}") = "Prep2", "csharp-prep\Prep2\Prep2.csproj", "{E4EA3E12-9C02-441D-A276-9CDD98D3CBE5}"
EndProject
Project("{9A19103F-16F7-4668-BE54-9A1E7A4F7556}") = "Prep3", "csharp-prep\Prep3\Prep3.csproj", "{687F1784-FB27-4FA0-98A1-0671815F5D4A}"
EndProject
Project("{9A19103F-16F7-4668-BE54-9A1E7A4F7556}") = "Prep4", "csharp-prep\Prep4\Prep4.csproj", "{9C4856FC-EE93-444B-B1F7-78706FD5D835}"
EndProject
Project("{9A19103F-16F7-4668-BE54-9A1E7A4F7556}") = "Prep5", "csharp-prep\Prep5\Prep5.csproj", "{AECF8B5F-9334-4EBD-849F-D6CE9F3A5C7E}"
EndProject
Project("{2150E333-8FDC-42A3-9474-1A3956D46DE8}") = "final", "final", "{FF372298-A822-4250-AC62-726ECE936EDD}"
EndProject
Project("{9A19103F-16F7-4668-BE54-9A1E7A4F7556}") = "FinalProject", "final\FinalProject\FinalProject.csproj", "{387CF75A-79AC-4481-A928-B98C6FF21ADF}"
EndProject
Project("{9A19103F-16F7-4668-BE54-9A1E7A4F7556}") = "Foundation1", "final\Foundation1\Foundation1.csproj", "{D74CC8A3-7F33-4640-A931-5D74BCC85365}"
EndProject
Project("{9A19103F-16F7-4668-BE54-9A1E7A4F7556}") = "Foundation2", "final\Foundation2\Foundation2.csproj", "{C5185111-77D1-47DB-ADED-4CD9687E2AED}"
EndProject
Project("{9A19103F-16F7-4668-BE54-9A1E7A4F7556}") = "Foundation3", "final\Foundation3\Foundation3.csproj", "{A1137922-5BB5-484C-9DEF-CBF5A06824F7}"
EndProject
Project("{9A19103F-16F7-4668-BE54-9A1E7A4F7556}") = "Foundation4", "final\Foundation4\Foundation4.csproj", "{D9E29805-3EB2-4ADA-9A15-7401677BCC70}"
EndProject
Project("{2150E333-8FDC-42A3-9474-1A3956D46DE8}") = "prepare", "prepare", "{B24CA4C7-C34F-4CEB-92B6-69DCF7E698E7}"
EndProject
Project("{9A19103F-16F7-4668-BE54-9A1E7A4F7556}") = "Learning02", "prepare\Learning02\Learning02.csproj", "{F1F1F45E-9D42-40D1-9F70-AA82FC36781E}"
EndProject
Project("{9A19103F-16F7-4668-BE54-9A1E7A4F7556}") = "Learning03", "prepare\Learning03\Learning03.csproj", "{DD65FA8A-1F2E-44D2-B5F6-3B04CC394D22}"
EndProject
Project("{9A19103F-16F7-4668-BE54-9A1E7A4F7556}") = "Learning04", "prepare\Learning04\Learning04.csproj", "{D0E4C6E5-6DEA-4D1E-A879-C99904BEC9C0}"
EndProject
Project("{9A19103F-16F7-4668-BE54-9A1E7A4F7556}") = "Learning05", "prepare\Learning05\Learning05.csproj", "{6C76D5A6-8748-490E-8E98-96B8BF160C9F}"
EndProject
Project("{2150E333-8FDC-42A3-9474-1A3956D46DE8}") = "prove", "prove", "{D714FA52-BBBE-48EF-96D3-67EC5E3C2AAA}"
EndProject
Project("{9A19103F-16F7-4668-BE54-9A1E7A4F7556}") = "Develop02", "prove\Develop02\Develop02.csproj", "{7674DDDD-BF26-41A8-AE19-6F7BD5421B31}"
EndProject
Project("{9A19103F-16F7-4668-BE54-9A1E7A4F7556}") = "Develop03", "prove\Develop03\Develop03.csproj", "{BCCF1ED7-5E2F-455B-988C-C80D4A4EBAC6}"
EndProject
Project("{9A19103F-16F7-4668-BE54-9A1E7A4F7556}") = "Develop04", "prove\Develop04\Develop04.csproj", "{9C685975-FD45-4BC0-9E22-D4E60784A340}"
EndProject
Project("{9A19103F-16F7-4668-BE54-9A1E7A4F7556}") = "Develop05", "prove\Develop05\Develop05.csproj", "{3A548DA5-59C2-41BE-9DDF-62BD8B72471A}"
EndProject
Project("{2150E333-8FDC-42A3-9474-1A3956D46DE8}") = "sandbox", "sandbox", "{62523C86-532F-4C26-8B32-BE188A3F4B24}"
EndProject
Project("{9A19103F-16F7-4668-BE54-9A1E7A4F7556}") = "Sandbox", "sandbox\Sandbox\Sandbox.csproj", "{33CD102A-BF43-4005-8BBD-2EB3563CD464}"
EndProject
Global
	GlobalSection(SolutionConfigurationPlatforms) = preSolution
		Debug|Any CPU = Debug|Any CPU
		Release|Any CPU = Release|Any CPU
	EndGlobalSection
	GlobalSection(ProjectConfigurationPlatforms) = postSolution
		{3374D7DF-4BF5-4DCF-9B0E-873DE4C578E7}.Debug|Any CPU.ActiveCfg = Debug|Any CPU
		{3374D7DF-4BF5-4DCF-9B0E-873DE4C578E7}.Debug|Any CPU.Build.0 = Debug|Any CPU
		{3374D7DF-4BF5-4DCF-9B0E-873DE4C578E7}.Release|Any CPU.ActiveCfg = Release|Any CPU
		{3374D7DF-4BF5-4DCF-9B0E-873DE4C578E7}.Release|Any CPU.Build.0 = Release|Any CPU
		{E4EA3E12-9C02-441D-A276-9CDD98D3CBE5}.Debug|Any CPU.ActiveCfg = Debug|Any CPU
		{E4EA3E12-9C02-441D-A276-9CDD98D3CBE5}.Debug|Any CPU.Build.0 = Debug|Any CPU
		{E4EA3E12-9C02-441D-A276-9CDD98D3CBE5}.Release|Any CPU.ActiveCfg = Release|Any CPU
		{E4EA3E12-9C02-441D-A276-9CDD98D3CBE5}.Release|Any CPU.Build.0 = Release|Any CPU
		{687F1784-FB27-4FA0-98A1-0671815F5D4A}.Debug|Any CPU.ActiveCfg = Debug|Any CPU
		{687F1784-FB27-4FA0-98A1-0671815F5D4A}.Debug|Any CPU.Build.0 = Debug|Any CPU
		{687F1784-FB27-4FA0-98A1-0671815F5D4A}.Release|Any CPU.ActiveCfg = Release|Any CPU
		{687F1784-FB27-4FA0-98A1-0671815F5D4A}.Release|Any CPU.Build.0 = Release|Any CPU
		{9C4856FC-EE93-444B-B1F7-78706FD5D835}.Debug|Any CPU.ActiveCfg = Debug|Any CPU
		{9C4856FC-EE93-444B-B1F7-78706FD5D835}.Debug|Any CPU.Build.0 = Debug|Any CPU
		{9C4856FC-EE93-444B-B1F7-78706FD5D835}.Release|Any CPU.ActiveCfg = Release|Any CPU
		{9C4856FC-EE93-444B-B1F7-78706FD5D835}.Release|Any CPU.Build.0 = Release|Any CPU
		{AECF8B5F-9334-4EBD-849F-D6CE9F3A5C7E}.Debug|Any CPU.ActiveCfg = Debug|Any CPU
		{AECF8B5F-9334-4EBD-849F-D6CE9F3A5C7E}.Debug|Any CPU.Build.0 = Debug|Any CPU
		{AECF8B5F-9334-4EBD-849F-D6CE9F3A5C7E}.Release|Any CPU.ActiveCfg = Release|Any CPU
		{AECF8B5F-9334-4EBD-849F-D6CE9F3A5C7E}.Release|Any CPU.Build.0 = Release|Any CPU
		{387CF75A-79AC-4481-A928-B98C6FF21ADF}.Debug|Any CPU.ActiveCfg = Debug|Any CPU
		{387CF75A-79AC-4481-A928-B98C6FF21ADF}.Debug|Any CPU.Build.0 = Debug|Any CPU
		{387CF75A-79AC-4481-A928-B98C6FF21ADF}.Release|Any CPU.ActiveCfg = Release|Any CPU
		{387CF75A-79AC-4481-A928-B98C6FF21ADF}.Release|Any CPU.Build.0 = Release|Any CPU
		{D74CC8A3-7F33-4640-A931-5D74BCC85365}.Debug|Any CPU.ActiveCfg = Debug|Any CPU
		{D74CC8A3-7F33-4640-A931-5D74BCC85365}.Debug|Any CPU.Build.0 = Debug|Any CPU
		{D74CC8A3-7F33-4640-A931-5D74BCC85365}.Release|Any CPU.ActiveCfg = Release|Any CPU
		{D74CC8A3-7F33-4640-A931-5D74BCC85365}.Release|Any CPU.Build.0 = Release|Any CPU
		{C5185111-77D1-47DB-ADED-4CD9687E2AED}.Debug|Any CPU.ActiveCfg = Debug|Any CPU
		{C5185111-77D1-47DB-ADED-4CD9687E2AED}.Debug|Any CPU.Build.0 = Debug|Any CPU
		{C5185111-77D1-47DB-ADED-4CD9687E2AED}.Release|Any CPU.ActiveCfg = Release|Any CPU
		{C5185111-77D1-47DB-ADED-4CD9687E2AED}.Release|Any CPU.Build.0 = Release|Any CPU
		{A1137922-5BB5-484C-9DEF-CBF5A06824F7}.Debug|Any CPU.ActiveCfg = Debug|Any CPU
		{A1137922-5BB5-484C-9DEF-CBF5A06824F7}.Debug|Any CPU.Build.0 = Debug|Any CPU
		{A1137922-5BB5-484C-9DEF-CBF5A06824F7}.Release|Any CPU.ActiveCfg = Release|Any CPU
		{A1137922-5BB5-484C-9DEF-CBF5A06824F7}.Release|Any CPU.Build.0 = Release|Any CPU
		{D9E29805-3EB2-4ADA-9A15-7401677BCC70}.Debug|Any CPU.ActiveCfg = Debug|Any CPU
		{D9E29805-3EB2-4ADA-9A15-7401677BCC70}.Debug|Any CPU.Build.0 = Debug|Any CPU
		{D9E29805-3EB2-4ADA-9A15-7401677BCC70}.Release|Any CPU.ActiveCfg = Release|Any CPU
		{D9E29805-3EB2-4ADA-9A15-7401677BCC70}.Release|Any CPU.Build.0 = Release|Any CPU
		{F1F1F45E-9D42-40D1-9F70-AA82FC36781E}.Debug|Any CPU.ActiveCfg = Debug|Any CPU
		{F1F1F45E-9D42-40D1-9F70-AA82FC36781E}.Debug|Any CPU.Build.0 = Debug|Any CPU
		{F1F1F45E-9D42-40D1-9F70-AA82FC36781E}.Release|Any CPU.ActiveCfg = Release|Any CPU
		{F1F1F45E-9D42-40D1-9F70-AA82FC36781E}.Release|Any CPU.Build.0 = Release|Any CPU
		{DD65FA8A-1F2E-44D2-B5F6-3B04CC394D22}.Debug|Any CPU.ActiveCfg = Debug|Any CPU
		{DD65FA8A-1F2E-44D2-B5F6-3B04CC394D22}.Debug|Any CPU.Build.0 = Debug|Any CPU
		{DD65FA8A-1F2E-44D2-B5F6-3B04CC394D22}.Release|Any CPU.ActiveCfg = Release|Any CPU
		{DD65FA8A-1F2E-44D2-B5F6-3B04CC394D22}.Release|Any CPU.Build.0 = Release|Any CPU
		{D0E4C6E5-6DEA-4D1E-A879-C99904BEC9C0}.Debug|Any CPU.ActiveCfg = Debug|Any CPU
		{D0E4C6E5-6DEA-4D1E-A879-C99904BEC9C0}.Debug|Any CPU.Build.0 = Debug|Any CPU
		{D0E4C6E5-6DEA-4D1E-A879-C99904BEC9C0}.Release|Any CPU.ActiveCfg = Release|Any CPU
		{D0E4C6E5-6DEA-4D1E-A879-C99904BEC9C0}.Release|Any CPU.Build.0 = Release|Any CPU
		{6C76D5A6-8748-490E-8E98-96B8BF160C9F}.Debug|Any CPU.ActiveCfg = Debug|Any CPU
		{6C76D5A6-8748-490E-8E98-96B8BF160C9F}.Debug|Any CPU.Build.0 = Debug|Any CPU
		{6C76D5A6-8748-490E-8E98-96B8BF160C9F}.Release|Any CPU.ActiveCfg = Release|Any CPU
		{6C76D5A6-8748-490E-8E98-96B8BF160C9F}.Release|Any CPU.Build.0 = Release|Any CPU
		{7674DDDD-BF26-41A8-AE19-6F7BD5421B31}.Debug|Any CPU.ActiveCfg = Debug|Any CPU
		{7674DDDD-BF26-41A8-AE19-6F7BD5421B31}.Debug|Any CPU.Build.0 = Debug|Any CPU
		{7674DDDD-BF26-41A8-AE19-6F7BD5421B31}.Release|Any CPU.ActiveCfg = Release|Any CPU
		{7674DDDD-BF26-41A8-AE19-6F7BD5421B31}.Release|Any CPU.Build.0 = Release|Any CPU
		{BCCF1ED7-5E2F-455B-988C-C80D4A4EBAC6}.Debug|Any CPU.ActiveCfg = Debug|Any CPU
		{BCCF1ED7-5E2F-455B-988C-C80D4A4EBAC6}.Debug|Any CPU.Build.0 = Debug|Any CPU
		{BCCF1ED7-5E2F-455B-988C-C80D4A4EBAC6}.Release|Any CPU.ActiveCfg = Release|Any CPU
		{BCCF1ED7-5E2F-455B-988C-C80D4A4EBAC6}.Release|Any CPU.Build.0 = Release|Any CPU
		{9C685975-FD45-4BC0-9E22-D4E60784A340}.Debug|Any CPU.ActiveCfg = Debug|Any CPU
		{9C685975-FD45-4BC0-9E22-D4E60784A340}.Debug|Any CPU.Build.0 = Debug|Any CPU
		{9C685975-FD45-4BC0-9E22-D4E60784A340}.Release|Any CPU.ActiveCfg = Release|Any CPU
		{9C685975-FD45-4BC0-9E22-D4E60784A340}.Release|Any CPU.Build.0 = Release|Any CPU
		{3A548DA5-59C2-41BE-9DDF-62BD8B72471A}.Debug|Any CPU.ActiveCfg = Debug|Any CPU
		{3A548DA5-59C2-41BE-9DDF-62BD8B72471A}.Debug|Any CPU.Build.0 = Debug|Any CPU
		{3A548DA5-59C2-41BE-9DDF-62BD8B72471A}.Release|Any CPU.ActiveCfg = Release|Any CPU
		{3A548DA5-59C2-41BE-9DDF-62BD8B72471A}.Release|Any CPU.Build.0 = Release|Any CPU
		{33CD102A-BF43-4005-8BBD-2EB3563CD464}.Debug|Any CPU.ActiveCfg = Debug|Any CPU
		{33CD102A-BF43-4005-8BBD-2EB3563CD464}.Debug|Any CPU.Build.0 = Debug|Any CPU
		{33CD102A-BF43-4005-8BBD-2EB3563CD464}.Release|Any CPU.ActiveCfg = Release|Any CPU
		{33CD102A-BF43-4005-8BBD-2EB3563CD464}.Release|Any CPU.Build.0 = Release|Any CPU
	EndGlobalSection
	GlobalSection(SolutionProperties) = preSolution
		HideSolutionNode = FALSE
	EndGlobalSection
	GlobalSection(NestedProjects) = preSolution
		{3374D7DF-4BF5-4DCF-9B0E-873DE4C578E7} = {DE648BA9-A049-4F86-8C82-51915D00CCD7}
		{E4EA3E12-9C02-441D-A276-9CDD98D3CBE5} = {DE648BA9-A049-4F86-8C82-51915D00CCD7}
		{687F1784-FB27-4FA0-98A1-0671815F5D4A} = {DE648BA9-A049-4F86-8C82-51915D00CCD7}
		{9C4856FC-EE93-444B-B1F7-78706FD5D835} = {DE648BA9-A049-4F86-8C82-51915D00CCD7}
		{AECF8B5F-9334-4EBD-849F-D6CE9F3A5C7E} = {DE648BA9-A049-4F86-8C82-51915D00CCD7}
		{387CF75A-79AC-4481-A928-B98C6FF21ADF} = {FF372298-A822-4250-AC62-726ECE936EDD}
		{D74CC8A3-7F33-4640-A931-5D74BCC85365} = {FF372298-A822-4250-AC62-726ECE936EDD}
		{C5185111-77D1-47DB-ADED-4CD9687E2AED} = {FF372298-A822-4250-AC62-726ECE936EDD}
		{A1137922-5BB5-484C-9DEF-CBF5A06824F7} = {FF372298-A822-4250-AC62-726ECE936EDD}
		{D9E29805-3EB2-4ADA-9A15-7401677BCC70} = {FF372298-A822-4250-AC62-726ECE936EDD}
		{F1F1F45E-9D42-40D1-9F70-AA82FC36781E} = {B24CA4C7-C34F-4CEB-92B6-69DCF7E698E7}
		{DD65FA8A-1F2E-44D2-B5F6-3B04CC394D22} = {B24CA4C7-C34F-4CEB-92B6-69DCF7E698E7}
		{D0E4C6E5-6DEA-4D1E-A879-C99904BEC9C0} = {B24CA4C7-C34F-4CEB-92B6-69DCF7E698E7}
		{6C76D5A6-8748-490E-8E98-96B8BF160C9F} = {B24CA4C7-C34F-4CEB-92B6-69DCF7E698E7}
		{7674DDDD-BF26-41A8-AE19-6F7BD5421B31} = {D714FA52-BBBE-48EF-96D3-67EC5E3C2AAA}
		{BCCF1ED7-5E2F-455B-988C-C80D4A4EBAC6} = {D714FA52-BBBE-48EF-96D3-67EC5E3C2AAA}
		{9C685975-FD45-4BC0-9E22-D4E60784A340} = {D714FA52-BBBE-48EF-96D3-67EC5E3C2AAA}
		{3A548DA5-59C2-41BE-9DDF-62BD8B72471A} = {D714FA52-BBBE-48EF-96D3-67EC5E3C2AAA}
		{33CD102A-BF43-4005-8BBD-2EB3563CD464} = {62523C86-532F-4C26-8B32-BE188A3F4B24}
	EndGlobalSection
	GlobalSection(ExtensibilityGlobals) = postSolution
		SolutionGuid = {B393FF83-788A-4F8F-B909-DF534C90F1CF}
	EndGlobalSection
EndGlobal
